<?xml version="1.0" encoding="utf-8"?>
<Project ToolsVersion="4.0" xmlns="http://schemas.microsoft.com/developer/msbuild/2003">
  <ItemGroup>
    <Filter Include="Source Files">
      <UniqueIdentifier>{4FC737F1-C7A5-4376-A066-2A32D752A2FF}</UniqueIdentifier>
      <Extensions>cpp;c;cc;cxx;c++;cppm;ixx;def;odl;idl;hpj;bat;asm;asmx</Extensions>
    </Filter>
    <Filter Include="Header Files">
      <UniqueIdentifier>{93995380-89BD-4b04-88EB-625FBE52EBFB}</UniqueIdentifier>
      <Extensions>h;hh;hpp;hxx;h++;hm;inl;inc;ipp;xsd</Extensions>
    </Filter>
    <Filter Include="Resource Files">
      <UniqueIdentifier>{67DA6AB6-F800-4c08-8B7A-83BB121AAD01}</UniqueIdentifier>
      <Extensions>rc;ico;cur;bmp;dlg;rc2;rct;bin;rgs;gif;jpg;jpeg;jpe;resx;tiff;tif;png;wav;mfcribbon-ms</Extensions>
    </Filter>
    <Filter Include="Header Files\qptr">
      <UniqueIdentifier>{63ec2c6f-5e8b-4fb0-a7ae-47f940c76648}</UniqueIdentifier>
    </Filter>
    <Filter Include="Header Files\qptr\outcome">
      <UniqueIdentifier>{d4a2f24e-a696-46aa-9ec0-691f29c3a982}</UniqueIdentifier>
    </Filter>
    <Filter Include="Header Files\qptr\outcome\detail">
      <UniqueIdentifier>{f6725f8a-81dc-4f5b-a646-ee2bbe94cdff}</UniqueIdentifier>
    </Filter>
  </ItemGroup>
  <ItemGroup>
    <ClCompile Include="..\..\..\..\tests\unit_tests\outcome_unit_tests_main.cpp">
      <Filter>Source Files</Filter>
    </ClCompile>
    <ClCompile Include="$(CPP_CONTRIB_DIR)\catch2\catch_amalgamated.cpp">
      <Filter>Source Files</Filter>
    </ClCompile>
  </ItemGroup>
  <ItemGroup>
    <ClInclude Include="..\..\..\..\include\qptr\result.hpp">
      <Filter>Header Files\qptr</Filter>
    </ClInclude>
    <ClInclude Include="..\..\..\..\include\qptr\status.hpp">
      <Filter>Header Files\qptr</Filter>
    </ClInclude>
    <ClInclude Include="..\..\..\..\include\qptr\status_code.hpp">
      <Filter>Header Files\qptr</Filter>
    </ClInclude>
    <ClInclude Include="..\..\..\..\include\qptr\outcome\result.hpp">
      <Filter>Header Files\qptr\outcome</Filter>
    </ClInclude>
    <ClInclude Include="..\..\..\..\include\qptr\outcome\status.hpp">
      <Filter>Header Files\qptr\outcome</Filter>
    </ClInclude>
    <ClInclude Include="..\..\..\..\include\qptr\outcome\status_code.hpp">
      <Filter>Header Files\qptr\outcome</Filter>
    </ClInclude>
    <ClInclude Include="..\..\..\..\include\qptr\outcome\version.hpp">
      <Filter>Header Files\qptr\outcome</Filter>
    </ClInclude>
    <ClInclude Include="..\..\..\..\include\qptr\outcome\detail\status_message.hpp">
      <Filter>Header Files\qptr\outcome\detail</Filter>
    </ClInclude>
  </ItemGroup>
</Project>